
Microsoft Visual Studio Solution File, Format Version 12.00
# Visual Studio Version 17
VisualStudioVersion = 17.6.33829.357
MinimumVisualStudioVersion = 10.0.40219.1
Project("{9A19103F-16F7-4668-BE54-9A1E7A4F7556}") = "SupremeFramework", "SupremeFramework.csproj", "{5CF36565-5E90-4516-87AE-79E50BE0394D}"
EndProject
Global
	GlobalSection(SolutionConfigurationPlatforms) = preSolution
		Debug|Any CPU = Debug|Any CPU
		Release|Any CPU = Release|Any CPU
	EndGlobalSection
	GlobalSection(ProjectConfigurationPlatforms) = postSolution
		{5CF36565-5E90-4516-87AE-79E50BE0394D}.Debug|Any CPU.ActiveCfg = Debug|Any CPU
		{5CF36565-5E90-4516-87AE-79E50BE0394D}.Debug|Any CPU.Build.0 = Debug|Any CPU
		{5CF36565-5E90-4516-87AE-79E50BE0394D}.Release|Any CPU.ActiveCfg = Release|Any CPU
		{5CF36565-5E90-4516-87AE-79E50BE0394D}.Release|Any CPU.Build.0 = Release|Any CPU
	EndGlobalSection
	GlobalSection(SolutionProperties) = preSolution
		HideSolutionNode = FALSE
	EndGlobalSection
	GlobalSection(ExtensibilityGlobals) = postSolution
		SolutionGuid = {2EB21194-D451-48D2-A334-7693567CAD1A}
	EndGlobalSection
EndGlobal
